// !$*UTF8*$!
{
	archiveVersion = 1;
	classes = {
	};
	objectVersion = 51;
	objects = {

/* Begin PBXBuildFile section */
		04FA499F26B7E1E20087E3CE /* AppDelegate.swift in Sources */ = {isa = PBXBuildFile; fileRef = 04FA499E26B7E1E20087E3CE /* AppDelegate.swift */; };
		04FA49A126B7E1E20087E3CE /* SceneDelegate.swift in Sources */ = {isa = PBXBuildFile; fileRef = 04FA49A026B7E1E20087E3CE /* SceneDelegate.swift */; };
		04FA49A326B7E1E20087E3CE /* ViewController.swift in Sources */ = {isa = PBXBuildFile; fileRef = 04FA49A226B7E1E20087E3CE /* ViewController.swift */; };
		04FA49A626B7E1E20087E3CE /* Main.storyboard in Resources */ = {isa = PBXBuildFile; fileRef = 04FA49A426B7E1E20087E3CE /* Main.storyboard */; };
		04FA49A826B7E1E40087E3CE /* Assets.xcassets in Resources */ = {isa = PBXBuildFile; fileRef = 04FA49A726B7E1E40087E3CE /* Assets.xcassets */; };
		04FA49AB26B7E1E40087E3CE /* LaunchScreen.storyboard in Resources */ = {isa = PBXBuildFile; fileRef = 04FA49A926B7E1E40087E3CE /* LaunchScreen.storyboard */; };
		04FA49BB26B7EC970087E3CE /* MealModel.swift in Sources */ = {isa = PBXBuildFile; fileRef = 04FA49BA26B7EC970087E3CE /* MealModel.swift */; };
		04FA49C726B800800087E3CE /* MealViewModel.swift in Sources */ = {isa = PBXBuildFile; fileRef = 04FA49C626B800800087E3CE /* MealViewModel.swift */; };
		04FA49CE26B82F770087E3CE /* MealsTableViewCell.swift in Sources */ = {isa = PBXBuildFile; fileRef = 04FA49CC26B82F770087E3CE /* MealsTableViewCell.swift */; };
		04FA49CF26B82F770087E3CE /* MealsTableViewCell.xib in Resources */ = {isa = PBXBuildFile; fileRef = 04FA49CD26B82F770087E3CE /* MealsTableViewCell.xib */; };
		04FA49D226B855AF0087E3CE /* DetailMealData.swift in Sources */ = {isa = PBXBuildFile; fileRef = 04FA49D126B855AF0087E3CE /* DetailMealData.swift */; };
		04FA49D526B8AB540087E3CE /* DetailViewController.swift in Sources */ = {isa = PBXBuildFile; fileRef = 04FA49D426B8AB540087E3CE /* DetailViewController.swift */; };
		04FA49E126B8C89B0087E3CE /* DetailMealViewModel.swift in Sources */ = {isa = PBXBuildFile; fileRef = 04FA49E026B8C89B0087E3CE /* DetailMealViewModel.swift */; };
		04FA49E726B8D9C60087E3CE /* CustomImage.swift in Sources */ = {isa = PBXBuildFile; fileRef = 04FA49E626B8D9C60087E3CE /* CustomImage.swift */; };
		04FA49EA26B8DA8D0087E3CE /* CustomView.swift in Sources */ = {isa = PBXBuildFile; fileRef = 04FA49E926B8DA8D0087E3CE /* CustomView.swift */; };
		7957F5092F9BEDCD783AFFFD /* Pods_TheMealDB.framework in Frameworks */ = {isa = PBXBuildFile; fileRef = 4055C93DCB19B2D88A303635 /* Pods_TheMealDB.framework */; };
/* End PBXBuildFile section */

/* Begin PBXFileReference section */
		04FA499B26B7E1E20087E3CE /* TheMealDB.app */ = {isa = PBXFileReference; explicitFileType = wrapper.application; includeInIndex = 0; path = TheMealDB.app; sourceTree = BUILT_PRODUCTS_DIR; };
		04FA499E26B7E1E20087E3CE /* AppDelegate.swift */ = {isa = PBXFileReference; lastKnownFileType = sourcecode.swift; path = AppDelegate.swift; sourceTree = "<group>"; };
		04FA49A026B7E1E20087E3CE /* SceneDelegate.swift */ = {isa = PBXFileReference; lastKnownFileType = sourcecode.swift; path = SceneDelegate.swift; sourceTree = "<group>"; };
		04FA49A226B7E1E20087E3CE /* ViewController.swift */ = {isa = PBXFileReference; lastKnownFileType = sourcecode.swift; path = ViewController.swift; sourceTree = "<group>"; };
		04FA49A526B7E1E20087E3CE /* Base */ = {isa = PBXFileReference; lastKnownFileType = file.storyboard; name = Base; path = Base.lproj/Main.storyboard; sourceTree = "<group>"; };
		04FA49A726B7E1E40087E3CE /* Assets.xcassets */ = {isa = PBXFileReference; lastKnownFileType = folder.assetcatalog; path = Assets.xcassets; sourceTree = "<group>"; };
		04FA49AA26B7E1E40087E3CE /* Base */ = {isa = PBXFileReference; lastKnownFileType = file.storyboard; name = Base; path = Base.lproj/LaunchScreen.storyboard; sourceTree = "<group>"; };
		04FA49AC26B7E1E40087E3CE /* Info.plist */ = {isa = PBXFileReference; lastKnownFileType = text.plist.xml; path = Info.plist; sourceTree = "<group>"; };
		04FA49BA26B7EC970087E3CE /* MealModel.swift */ = {isa = PBXFileReference; lastKnownFileType = sourcecode.swift; path = MealModel.swift; sourceTree = "<group>"; };
		04FA49C626B800800087E3CE /* MealViewModel.swift */ = {isa = PBXFileReference; lastKnownFileType = sourcecode.swift; path = MealViewModel.swift; sourceTree = "<group>"; };
		04FA49CC26B82F770087E3CE /* MealsTableViewCell.swift */ = {isa = PBXFileReference; lastKnownFileType = sourcecode.swift; path = MealsTableViewCell.swift; sourceTree = "<group>"; };
		04FA49CD26B82F770087E3CE /* MealsTableViewCell.xib */ = {isa = PBXFileReference; lastKnownFileType = file.xib; path = MealsTableViewCell.xib; sourceTree = "<group>"; };
		04FA49D126B855AF0087E3CE /* DetailMealData.swift */ = {isa = PBXFileReference; lastKnownFileType = sourcecode.swift; path = DetailMealData.swift; sourceTree = "<group>"; };
		04FA49D426B8AB540087E3CE /* DetailViewController.swift */ = {isa = PBXFileReference; lastKnownFileType = sourcecode.swift; path = DetailViewController.swift; sourceTree = "<group>"; };
		04FA49E026B8C89B0087E3CE /* DetailMealViewModel.swift */ = {isa = PBXFileReference; lastKnownFileType = sourcecode.swift; path = DetailMealViewModel.swift; sourceTree = "<group>"; };
		04FA49E626B8D9C60087E3CE /* CustomImage.swift */ = {isa = PBXFileReference; lastKnownFileType = sourcecode.swift; path = CustomImage.swift; sourceTree = "<group>"; };
		04FA49E926B8DA8D0087E3CE /* CustomView.swift */ = {isa = PBXFileReference; lastKnownFileType = sourcecode.swift; path = CustomView.swift; sourceTree = "<group>"; };
		4055C93DCB19B2D88A303635 /* Pods_TheMealDB.framework */ = {isa = PBXFileReference; explicitFileType = wrapper.framework; includeInIndex = 0; path = Pods_TheMealDB.framework; sourceTree = BUILT_PRODUCTS_DIR; };
		6D81741F7FFF850E9C5CD8FA /* Pods-TheMealDB.debug.xcconfig */ = {isa = PBXFileReference; includeInIndex = 1; lastKnownFileType = text.xcconfig; name = "Pods-TheMealDB.debug.xcconfig"; path = "Target Support Files/Pods-TheMealDB/Pods-TheMealDB.debug.xcconfig"; sourceTree = "<group>"; };
		EAF46323595B13EF7D9F1A65 /* Pods-TheMealDB.release.xcconfig */ = {isa = PBXFileReference; includeInIndex = 1; lastKnownFileType = text.xcconfig; name = "Pods-TheMealDB.release.xcconfig"; path = "Target Support Files/Pods-TheMealDB/Pods-TheMealDB.release.xcconfig"; sourceTree = "<group>"; };
/* End PBXFileReference section */

/* Begin PBXFrameworksBuildPhase section */
		04FA499826B7E1E20087E3CE /* Frameworks */ = {
			isa = PBXFrameworksBuildPhase;
			buildActionMask = 2147483647;
			files = (
				7957F5092F9BEDCD783AFFFD /* Pods_TheMealDB.framework in Frameworks */,
			);
			runOnlyForDeploymentPostprocessing = 0;
		};
/* End PBXFrameworksBuildPhase section */

/* Begin PBXGroup section */
		04FA499226B7E1E20087E3CE = {
			isa = PBXGroup;
			children = (
				04FA499D26B7E1E20087E3CE /* TheMealDB */,
				04FA499C26B7E1E20087E3CE /* Products */,
				5E466AC1099AB33FBF75892D /* Pods */,
				6B2489887080A40EBB360D45 /* Frameworks */,
			);
			sourceTree = "<group>";
		};
		04FA499C26B7E1E20087E3CE /* Products */ = {
			isa = PBXGroup;
			children = (
				04FA499B26B7E1E20087E3CE /* TheMealDB.app */,
			);
			name = Products;
			sourceTree = "<group>";
		};
		04FA499D26B7E1E20087E3CE /* TheMealDB */ = {
			isa = PBXGroup;
			children = (
				04FA49E526B8D9990087E3CE /* Extention */,
				04FA499E26B7E1E20087E3CE /* AppDelegate.swift */,
				04FA49A026B7E1E20087E3CE /* SceneDelegate.swift */,
				04FA49A226B7E1E20087E3CE /* ViewController.swift */,
				04FA49D426B8AB540087E3CE /* DetailViewController.swift */,
				04FA49C426B7FDCF0087E3CE /* View */,
				04FA49A726B7E1E40087E3CE /* Assets.xcassets */,
				04FA49A926B7E1E40087E3CE /* LaunchScreen.storyboard */,
				04FA49AC26B7E1E40087E3CE /* Info.plist */,
				04FA49BD26B7ECD70087E3CE /* Model */,
				04FA49C926B800A80087E3CE /* ViewModel */,
			);
			path = TheMealDB;
			sourceTree = "<group>";
		};
		04FA49BD26B7ECD70087E3CE /* Model */ = {
			isa = PBXGroup;
			children = (
				04FA49BA26B7EC970087E3CE /* MealModel.swift */,
				04FA49D126B855AF0087E3CE /* DetailMealData.swift */,
			);
			path = Model;
			sourceTree = "<group>";
		};
		04FA49C426B7FDCF0087E3CE /* View */ = {
			isa = PBXGroup;
			children = (
				04FA49A426B7E1E20087E3CE /* Main.storyboard */,
				04FA49CC26B82F770087E3CE /* MealsTableViewCell.swift */,
				04FA49CD26B82F770087E3CE /* MealsTableViewCell.xib */,
			);
			path = View;
			sourceTree = "<group>";
		};
		04FA49C926B800A80087E3CE /* ViewModel */ = {
			isa = PBXGroup;
			children = (
				04FA49C626B800800087E3CE /* MealViewModel.swift */,
				04FA49E026B8C89B0087E3CE /* DetailMealViewModel.swift */,
			);
			path = ViewModel;
			sourceTree = "<group>";
		};
		04FA49E526B8D9990087E3CE /* Extention */ = {
			isa = PBXGroup;
			children = (
				04FA49E626B8D9C60087E3CE /* CustomImage.swift */,
				04FA49E926B8DA8D0087E3CE /* CustomView.swift */,
			);
			path = Extention;
			sourceTree = "<group>";
		};
		5E466AC1099AB33FBF75892D /* Pods */ = {
			isa = PBXGroup;
			children = (
				6D81741F7FFF850E9C5CD8FA /* Pods-TheMealDB.debug.xcconfig */,
				EAF46323595B13EF7D9F1A65 /* Pods-TheMealDB.release.xcconfig */,
			);
			path = Pods;
			sourceTree = "<group>";
		};
		6B2489887080A40EBB360D45 /* Frameworks */ = {
			isa = PBXGroup;
			children = (
				4055C93DCB19B2D88A303635 /* Pods_TheMealDB.framework */,
			);
			name = Frameworks;
			sourceTree = "<group>";
		};
/* End PBXGroup section */

/* Begin PBXNativeTarget section */
		04FA499A26B7E1E20087E3CE /* TheMealDB */ = {
			isa = PBXNativeTarget;
			buildConfigurationList = 04FA49AF26B7E1E40087E3CE /* Build configuration list for PBXNativeTarget "TheMealDB" */;
			buildPhases = (
				7C26C5E975C3F3952D028D86 /* [CP] Check Pods Manifest.lock */,
				04FA499726B7E1E20087E3CE /* Sources */,
				04FA499826B7E1E20087E3CE /* Frameworks */,
				04FA499926B7E1E20087E3CE /* Resources */,
				E6628B981278419A0BC7105B /* [CP] Embed Pods Frameworks */,
			);
			buildRules = (
			);
			dependencies = (
			);
			name = TheMealDB;
			productName = TheMealDB;
			productReference = 04FA499B26B7E1E20087E3CE /* TheMealDB.app */;
			productType = "com.apple.product-type.application";
		};
/* End PBXNativeTarget section */

/* Begin PBXProject section */
		04FA499326B7E1E20087E3CE /* Project object */ = {
			isa = PBXProject;
			attributes = {
				LastSwiftUpdateCheck = 1240;
				LastUpgradeCheck = 1240;
				TargetAttributes = {
					04FA499A26B7E1E20087E3CE = {
						CreatedOnToolsVersion = 12.4;
					};
				};
			};
			buildConfigurationList = 04FA499626B7E1E20087E3CE /* Build configuration list for PBXProject "TheMealDB" */;
			compatibilityVersion = "Xcode 9.3";
			developmentRegion = en;
			hasScannedForEncodings = 0;
			knownRegions = (
				en,
				Base,
			);
			mainGroup = 04FA499226B7E1E20087E3CE;
			productRefGroup = 04FA499C26B7E1E20087E3CE /* Products */;
			projectDirPath = "";
			projectRoot = "";
			targets = (
				04FA499A26B7E1E20087E3CE /* TheMealDB */,
			);
		};
/* End PBXProject section */

/* Begin PBXResourcesBuildPhase section */
		04FA499926B7E1E20087E3CE /* Resources */ = {
			isa = PBXResourcesBuildPhase;
			buildActionMask = 2147483647;
			files = (
				04FA49CF26B82F770087E3CE /* MealsTableViewCell.xib in Resources */,
				04FA49AB26B7E1E40087E3CE /* LaunchScreen.storyboard in Resources */,
				04FA49A826B7E1E40087E3CE /* Assets.xcassets in Resources */,
				04FA49A626B7E1E20087E3CE /* Main.storyboard in Resources */,
			);
			runOnlyForDeploymentPostprocessing = 0;
		};
/* End PBXResourcesBuildPhase section */

/* Begin PBXShellScriptBuildPhase section */
		7C26C5E975C3F3952D028D86 /* [CP] Check Pods Manifest.lock */ = {
			isa = PBXShellScriptBuildPhase;
			buildActionMask = 2147483647;
			files = (
			);
			inputFileListPaths = (
			);
			inputPaths = (
				"${PODS_PODFILE_DIR_PATH}/Podfile.lock",
				"${PODS_ROOT}/Manifest.lock",
			);
			name = "[CP] Check Pods Manifest.lock";
			outputFileListPaths = (
			);
			outputPaths = (
				"$(DERIVED_FILE_DIR)/Pods-TheMealDB-checkManifestLockResult.txt",
			);
			runOnlyForDeploymentPostprocessing = 0;
			shellPath = /bin/sh;
			shellScript = "diff \"${PODS_PODFILE_DIR_PATH}/Podfile.lock\" \"${PODS_ROOT}/Manifest.lock\" > /dev/null\nif [ $? != 0 ] ; then\n    # print error to STDERR\n    echo \"error: The sandbox is not in sync with the Podfile.lock. Run 'pod install' or update your CocoaPods installation.\" >&2\n    exit 1\nfi\n# This output is used by Xcode 'outputs' to avoid re-running this script phase.\necho \"SUCCESS\" > \"${SCRIPT_OUTPUT_FILE_0}\"\n";
			showEnvVarsInLog = 0;
		};
		E6628B981278419A0BC7105B /* [CP] Embed Pods Frameworks */ = {
			isa = PBXShellScriptBuildPhase;
			buildActionMask = 2147483647;
			files = (
			);
			inputFileListPaths = (
				"${PODS_ROOT}/Target Support Files/Pods-TheMealDB/Pods-TheMealDB-frameworks-${CONFIGURATION}-input-files.xcfilelist",
			);
			name = "[CP] Embed Pods Frameworks";
			outputFileListPaths = (
				"${PODS_ROOT}/Target Support Files/Pods-TheMealDB/Pods-TheMealDB-frameworks-${CONFIGURATION}-output-files.xcfilelist",
			);
			runOnlyForDeploymentPostprocessing = 0;
			shellPath = /bin/sh;
			shellScript = "\"${PODS_ROOT}/Target Support Files/Pods-TheMealDB/Pods-TheMealDB-frameworks.sh\"\n";
			showEnvVarsInLog = 0;
		};
/* End PBXShellScriptBuildPhase section */

/* Begin PBXSourcesBuildPhase section */
		04FA499726B7E1E20087E3CE /* Sources */ = {
			isa = PBXSourcesBuildPhase;
			buildActionMask = 2147483647;
			files = (
				04FA49BB26B7EC970087E3CE /* MealModel.swift in Sources */,
				04FA49A326B7E1E20087E3CE /* ViewController.swift in Sources */,
				04FA49D226B855AF0087E3CE /* DetailMealData.swift in Sources */,
				04FA49CE26B82F770087E3CE /* MealsTableViewCell.swift in Sources */,
				04FA49E126B8C89B0087E3CE /* DetailMealViewModel.swift in Sources */,
				04FA499F26B7E1E20087E3CE /* AppDelegate.swift in Sources */,
				04FA49EA26B8DA8D0087E3CE /* CustomView.swift in Sources */,
				04FA49E726B8D9C60087E3CE /* CustomImage.swift in Sources */,
				04FA49A126B7E1E20087E3CE /* SceneDelegate.swift in Sources */,
				04FA49C726B800800087E3CE /* MealViewModel.swift in Sources */,
				04FA49D526B8AB540087E3CE /* DetailViewController.swift in Sources */,
			);
			runOnlyForDeploymentPostprocessing = 0;
		};
/* End PBXSourcesBuildPhase section */

/* Begin PBXVariantGroup section */
		04FA49A426B7E1E20087E3CE /* Main.storyboard */ = {
			isa = PBXVariantGroup;
			children = (
				04FA49A526B7E1E20087E3CE /* Base */,
			);
			name = Main.storyboard;
			sourceTree = "<group>";
		};
		04FA49A926B7E1E40087E3CE /* LaunchScreen.storyboard */ = {
			isa = PBXVariantGroup;
			children = (
				04FA49AA26B7E1E40087E3CE /* Base */,
			);
			name = LaunchScreen.storyboard;
			sourceTree = "<group>";
		};
/* End PBXVariantGroup section */

/* Begin XCBuildConfiguration section */
		04FA49AD26B7E1E40087E3CE /* Debug */ = {
			isa = XCBuildConfiguration;
			buildSettings = {
				ALWAYS_SEARCH_USER_PATHS = NO;
				CLANG_ANALYZER_NONNULL = YES;
				CLANG_ANALYZER_NUMBER_OBJECT_CONVERSION = YES_AGGRESSIVE;
				CLANG_CXX_LANGUAGE_STANDARD = "gnu++14";
				CLANG_CXX_LIBRARY = "libc++";
				CLANG_ENABLE_MODULES = YES;
				CLANG_ENABLE_OBJC_ARC = YES;
				CLANG_ENABLE_OBJC_WEAK = YES;
				CLANG_WARN_BLOCK_CAPTURE_AUTORELEASING = YES;
				CLANG_WARN_BOOL_CONVERSION = YES;
				CLANG_WARN_COMMA = YES;
				CLANG_WARN_CONSTANT_CONVERSION = YES;
				CLANG_WARN_DEPRECATED_OBJC_IMPLEMENTATIONS = YES;
				CLANG_WARN_DIRECT_OBJC_ISA_USAGE = YES_ERROR;
				CLANG_WARN_DOCUMENTATION_COMMENTS = YES;
				CLANG_WARN_EMPTY_BODY = YES;
				CLANG_WARN_ENUM_CONVERSION = YES;
				CLANG_WARN_INFINITE_RECURSION = YES;
				CLANG_WARN_INT_CONVERSION = YES;
				CLANG_WARN_NON_LITERAL_NULL_CONVERSION = YES;
				CLANG_WARN_OBJC_IMPLICIT_RETAIN_SELF = YES;
				CLANG_WARN_OBJC_LITERAL_CONVERSION = YES;
				CLANG_WARN_OBJC_ROOT_CLASS = YES_ERROR;
				CLANG_WARN_QUOTED_INCLUDE_IN_FRAMEWORK_HEADER = YES;
				CLANG_WARN_RANGE_LOOP_ANALYSIS = YES;
				CLANG_WARN_STRICT_PROTOTYPES = YES;
				CLANG_WARN_SUSPICIOUS_MOVE = YES;
				CLANG_WARN_UNGUARDED_AVAILABILITY = YES_AGGRESSIVE;
				CLANG_WARN_UNREACHABLE_CODE = YES;
				CLANG_WARN__DUPLICATE_METHOD_MATCH = YES;
				COPY_PHASE_STRIP = NO;
				DEBUG_INFORMATION_FORMAT = dwarf;
				ENABLE_STRICT_OBJC_MSGSEND = YES;
				ENABLE_TESTABILITY = YES;
				GCC_C_LANGUAGE_STANDARD = gnu11;
				GCC_DYNAMIC_NO_PIC = NO;
				GCC_NO_COMMON_BLOCKS = YES;
				GCC_OPTIMIZATION_LEVEL = 0;
				GCC_PREPROCESSOR_DEFINITIONS = (
					"DEBUG=1",
					"$(inherited)",
				);
				GCC_WARN_64_TO_32_BIT_CONVERSION = YES;
				GCC_WARN_ABOUT_RETURN_TYPE = YES_ERROR;
				GCC_WARN_UNDECLARED_SELECTOR = YES;
				GCC_WARN_UNINITIALIZED_AUTOS = YES_AGGRESSIVE;
				GCC_WARN_UNUSED_FUNCTION = YES;
				GCC_WARN_UNUSED_VARIABLE = YES;
				IPHONEOS_DEPLOYMENT_TARGET = 14.4;
				MTL_ENABLE_DEBUG_INFO = INCLUDE_SOURCE;
				MTL_FAST_MATH = YES;
				ONLY_ACTIVE_ARCH = YES;
				SDKROOT = iphoneos;
				SWIFT_ACTIVE_COMPILATION_CONDITIONS = DEBUG;
				SWIFT_OPTIMIZATION_LEVEL = "-Onone";
			};
			name = Debug;
		};
		04FA49AE26B7E1E40087E3CE /* Release */ = {
			isa = XCBuildConfiguration;
			buildSettings = {
				ALWAYS_SEARCH_USER_PATHS = NO;
				CLANG_ANALYZER_NONNULL = YES;
				CLANG_ANALYZER_NUMBER_OBJECT_CONVERSION = YES_AGGRESSIVE;
				CLANG_CXX_LANGUAGE_STANDARD = "gnu++14";
				CLANG_CXX_LIBRARY = "libc++";
				CLANG_ENABLE_MODULES = YES;
				CLANG_ENABLE_OBJC_ARC = YES;
				CLANG_ENABLE_OBJC_WEAK = YES;
				CLANG_WARN_BLOCK_CAPTURE_AUTORELEASING = YES;
				CLANG_WARN_BOOL_CONVERSION = YES;
				CLANG_WARN_COMMA = YES;
				CLANG_WARN_CONSTANT_CONVERSION = YES;
				CLANG_WARN_DEPRECATED_OBJC_IMPLEMENTATIONS = YES;
				CLANG_WARN_DIRECT_OBJC_ISA_USAGE = YES_ERROR;
				CLANG_WARN_DOCUMENTATION_COMMENTS = YES;
				CLANG_WARN_EMPTY_BODY = YES;
				CLANG_WARN_ENUM_CONVERSION = YES;
				CLANG_WARN_INFINITE_RECURSION = YES;
				CLANG_WARN_INT_CONVERSION = YES;
				CLANG_WARN_NON_LITERAL_NULL_CONVERSION = YES;
				CLANG_WARN_OBJC_IMPLICIT_RETAIN_SELF = YES;
				CLANG_WARN_OBJC_LITERAL_CONVERSION = YES;
				CLANG_WARN_OBJC_ROOT_CLASS = YES_ERROR;
				CLANG_WARN_QUOTED_INCLUDE_IN_FRAMEWORK_HEADER = YES;
				CLANG_WARN_RANGE_LOOP_ANALYSIS = YES;
				CLANG_WARN_STRICT_PROTOTYPES = YES;
				CLANG_WARN_SUSPICIOUS_MOVE = YES;
				CLANG_WARN_UNGUARDED_AVAILABILITY = YES_AGGRESSIVE;
				CLANG_WARN_UNREACHABLE_CODE = YES;
				CLANG_WARN__DUPLICATE_METHOD_MATCH = YES;
				COPY_PHASE_STRIP = NO;
				DEBUG_INFORMATION_FORMAT = "dwarf-with-dsym";
				ENABLE_NS_ASSERTIONS = NO;
				ENABLE_STRICT_OBJC_MSGSEND = YES;
				GCC_C_LANGUAGE_STANDARD = gnu11;
				GCC_NO_COMMON_BLOCKS = YES;
				GCC_WARN_64_TO_32_BIT_CONVERSION = YES;
				GCC_WARN_ABOUT_RETURN_TYPE = YES_ERROR;
				GCC_WARN_UNDECLARED_SELECTOR = YES;
				GCC_WARN_UNINITIALIZED_AUTOS = YES_AGGRESSIVE;
				GCC_WARN_UNUSED_FUNCTION = YES;
				GCC_WARN_UNUSED_VARIABLE = YES;
				IPHONEOS_DEPLOYMENT_TARGET = 14.4;
				MTL_ENABLE_DEBUG_INFO = NO;
				MTL_FAST_MATH = YES;
				SDKROOT = iphoneos;
				SWIFT_COMPILATION_MODE = wholemodule;
				SWIFT_OPTIMIZATION_LEVEL = "-O";
				VALIDATE_PRODUCT = YES;
			};
			name = Release;
		};
		04FA49B026B7E1E40087E3CE /* Debug */ = {
			isa = XCBuildConfiguration;
			baseConfigurationReference = 6D81741F7FFF850E9C5CD8FA /* Pods-TheMealDB.debug.xcconfig */;
			buildSettings = {
				ASSETCATALOG_COMPILER_APPICON_NAME = AppIcon;
				ASSETCATALOG_COMPILER_GLOBAL_ACCENT_COLOR_NAME = AccentColor;
				CODE_SIGN_STYLE = Automatic;
				INFOPLIST_FILE = TheMealDB/Info.plist;
				LD_RUNPATH_SEARCH_PATHS = (
					"$(inherited)",
					"@executable_path/Frameworks",
				);
				PRODUCT_BUNDLE_IDENTIFIER = com.adhi.TheMealDB;
				PRODUCT_NAME = "$(TARGET_NAME)";
				SWIFT_VERSION = 5.0;
				TARGETED_DEVICE_FAMILY = "1,2";
			};
			name = Debug;
		};
		04FA49B126B7E1E40087E3CE /* Release */ = {
			isa = XCBuildConfiguration;
			baseConfigurationReference = EAF46323595B13EF7D9F1A65 /* Pods-TheMealDB.release.xcconfig */;
			buildSettings = {
				ASSETCATALOG_COMPILER_APPICON_NAME = AppIcon;
				ASSETCATALOG_COMPILER_GLOBAL_ACCENT_COLOR_NAME = AccentColor;
				CODE_SIGN_STYLE = Automatic;
				INFOPLIST_FILE = TheMealDB/Info.plist;
				LD_RUNPATH_SEARCH_PATHS = (
					"$(inherited)",
					"@executable_path/Frameworks",
				);
				PRODUCT_BUNDLE_IDENTIFIER = com.adhi.TheMealDB;
				PRODUCT_NAME = "$(TARGET_NAME)";
				SWIFT_VERSION = 5.0;
				TARGETED_DEVICE_FAMILY = "1,2";
			};
			name = Release;
		};
/* End XCBuildConfiguration section */

/* Begin XCConfigurationList section */
		04FA499626B7E1E20087E3CE /* Build configuration list for PBXProject "TheMealDB" */ = {
			isa = XCConfigurationList;
			buildConfigurations = (
				04FA49AD26B7E1E40087E3CE /* Debug */,
				04FA49AE26B7E1E40087E3CE /* Release */,
			);
			defaultConfigurationIsVisible = 0;
			defaultConfigurationName = Release;
		};
		04FA49AF26B7E1E40087E3CE /* Build configuration list for PBXNativeTarget "TheMealDB" */ = {
			isa = XCConfigurationList;
			buildConfigurations = (
				04FA49B026B7E1E40087E3CE /* Debug */,
				04FA49B126B7E1E40087E3CE /* Release */,
			);
			defaultConfigurationIsVisible = 0;
			defaultConfigurationName = Release;
		};
/* End XCConfigurationList section */
	};
	rootObject = 04FA499326B7E1E20087E3CE /* Project object */;
}
